// !$*UTF8*$!
{
	archiveVersion = 1;
	classes = {
	};
	objectVersion = 46;
	objects = {

/* Begin PBXBuildFile section */
		3FDCDD961C327F7A002AE0AA /* main.m in Sources */ = {isa = PBXBuildFile; fileRef = 3FDCDD951C327F7A002AE0AA /* main.m */; };
		3FDCDD991C327F7A002AE0AA /* AppDelegate.m in Sources */ = {isa = PBXBuildFile; fileRef = 3FDCDD981C327F7A002AE0AA /* AppDelegate.m */; };
		3FDCDD9C1C327F7A002AE0AA /* ViewController.m in Sources */ = {isa = PBXBuildFile; fileRef = 3FDCDD9B1C327F7A002AE0AA /* ViewController.m */; };
		3FDCDD9F1C327F7A002AE0AA /* Main.storyboard in Resources */ = {isa = PBXBuildFile; fileRef = 3FDCDD9D1C327F7A002AE0AA /* Main.storyboard */; };
		3FDCDDA11C327F7A002AE0AA /* Assets.xcassets in Resources */ = {isa = PBXBuildFile; fileRef = 3FDCDDA01C327F7A002AE0AA /* Assets.xcassets */; };
		3FDCDDA41C327F7A002AE0AA /* LaunchScreen.storyboard in Resources */ = {isa = PBXBuildFile; fileRef = 3FDCDDA21C327F7A002AE0AA /* LaunchScreen.storyboard */; };
		3FDCDDAF1C327F7A002AE0AA /* QGGImagePickerTests.m in Sources */ = {isa = PBXBuildFile; fileRef = 3FDCDDAE1C327F7A002AE0AA /* QGGImagePickerTests.m */; };
		3FDCDDBA1C327F7B002AE0AA /* QGGImagePickerUITests.m in Sources */ = {isa = PBXBuildFile; fileRef = 3FDCDDB91C327F7B002AE0AA /* QGGImagePickerUITests.m */; };
		3FDCDDD01C32823F002AE0AA /* ALAssetsGroup+GroupName_zh_CN.m in Sources */ = {isa = PBXBuildFile; fileRef = 3FDCDDCB1C32823F002AE0AA /* ALAssetsGroup+GroupName_zh_CN.m */; };
		3FDCDDD11C32823F002AE0AA /* UIColor+hexFloatColor.m in Sources */ = {isa = PBXBuildFile; fileRef = 3FDCDDCD1C32823F002AE0AA /* UIColor+hexFloatColor.m */; };
		3FDCDDD21C32823F002AE0AA /* UIImage+QGGRenderedColor.m in Sources */ = {isa = PBXBuildFile; fileRef = 3FDCDDCF1C32823F002AE0AA /* UIImage+QGGRenderedColor.m */; };
		3FDCDDD91C32834A002AE0AA /* QGGImagePicker.m in Sources */ = {isa = PBXBuildFile; fileRef = 3FDCDDD81C32834A002AE0AA /* QGGImagePicker.m */; };
		3FDCDDDE1C328355002AE0AA /* QGGImageGroupTableView.m in Sources */ = {isa = PBXBuildFile; fileRef = 3FDCDDDB1C328355002AE0AA /* QGGImageGroupTableView.m */; };
		3FDCDDDF1C328355002AE0AA /* QGGImageGroupCell.m in Sources */ = {isa = PBXBuildFile; fileRef = 3FDCDDDD1C328355002AE0AA /* QGGImageGroupCell.m */; };
		3FDCDDE41C328360002AE0AA /* QGGImageGroupViewController.m in Sources */ = {isa = PBXBuildFile; fileRef = 3FDCDDE11C328360002AE0AA /* QGGImageGroupViewController.m */; };
		3FDCDDE51C328360002AE0AA /* QGGImagePickerViewController.m in Sources */ = {isa = PBXBuildFile; fileRef = 3FDCDDE31C328360002AE0AA /* QGGImagePickerViewController.m */; };
		3FDCDDEC1C328368002AE0AA /* QGGImagePickerCollectionView.m in Sources */ = {isa = PBXBuildFile; fileRef = 3FDCDDE71C328368002AE0AA /* QGGImagePickerCollectionView.m */; };
		3FDCDDED1C328368002AE0AA /* QGGTapAnimationView.m in Sources */ = {isa = PBXBuildFile; fileRef = 3FDCDDE91C328368002AE0AA /* QGGTapAnimationView.m */; };
		3FDCDDEE1C328368002AE0AA /* QGGImagePickerCell.m in Sources */ = {isa = PBXBuildFile; fileRef = 3FDCDDEB1C328368002AE0AA /* QGGImagePickerCell.m */; };
		3FDCDDF11C328370002AE0AA /* QGGImageDetailPickerViewController.m in Sources */ = {isa = PBXBuildFile; fileRef = 3FDCDDF01C328370002AE0AA /* QGGImageDetailPickerViewController.m */; };
		3FDCDDF41C328377002AE0AA /* QGGImagePickerDetailCell.m in Sources */ = {isa = PBXBuildFile; fileRef = 3FDCDDF31C328377002AE0AA /* QGGImagePickerDetailCell.m */; };
		9C09AF8FEF3E33A6DA5587D3 /* libPods.a in Frameworks */ = {isa = PBXBuildFile; fileRef = 2026940271A6BB143EC4B776 /* libPods.a */; };
/* End PBXBuildFile section */

/* Begin PBXContainerItemProxy section */
		3FDCDDAB1C327F7A002AE0AA /* PBXContainerItemProxy */ = {
			isa = PBXContainerItemProxy;
			containerPortal = 3FDCDD891C327F7A002AE0AA /* Project object */;
			proxyType = 1;
			remoteGlobalIDString = 3FDCDD901C327F7A002AE0AA;
			remoteInfo = QGGImagePicker;
		};
		3FDCDDB61C327F7B002AE0AA /* PBXContainerItemProxy */ = {
			isa = PBXContainerItemProxy;
			containerPortal = 3FDCDD891C327F7A002AE0AA /* Project object */;
			proxyType = 1;
			remoteGlobalIDString = 3FDCDD901C327F7A002AE0AA;
			remoteInfo = QGGImagePicker;
		};
/* End PBXContainerItemProxy section */

/* Begin PBXFileReference section */
		2026940271A6BB143EC4B776 /* libPods.a */ = {isa = PBXFileReference; explicitFileType = archive.ar; includeInIndex = 0; path = libPods.a; sourceTree = BUILT_PRODUCTS_DIR; };
		3E0A35C3057DCE4E09E77CF1 /* Pods.debug.xcconfig */ = {isa = PBXFileReference; includeInIndex = 1; lastKnownFileType = text.xcconfig; name = Pods.debug.xcconfig; path = "Pods/Target Support Files/Pods/Pods.debug.xcconfig"; sourceTree = "<group>"; };
		3FDCDD911C327F7A002AE0AA /* QGGImagePicker.app */ = {isa = PBXFileReference; explicitFileType = wrapper.application; includeInIndex = 0; path = QGGImagePicker.app; sourceTree = BUILT_PRODUCTS_DIR; };
		3FDCDD951C327F7A002AE0AA /* main.m */ = {isa = PBXFileReference; lastKnownFileType = sourcecode.c.objc; path = main.m; sourceTree = "<group>"; };
		3FDCDD971C327F7A002AE0AA /* AppDelegate.h */ = {isa = PBXFileReference; lastKnownFileType = sourcecode.c.h; path = AppDelegate.h; sourceTree = "<group>"; };
		3FDCDD981C327F7A002AE0AA /* AppDelegate.m */ = {isa = PBXFileReference; lastKnownFileType = sourcecode.c.objc; path = AppDelegate.m; sourceTree = "<group>"; };
		3FDCDD9A1C327F7A002AE0AA /* ViewController.h */ = {isa = PBXFileReference; lastKnownFileType = sourcecode.c.h; path = ViewController.h; sourceTree = "<group>"; };
		3FDCDD9B1C327F7A002AE0AA /* ViewController.m */ = {isa = PBXFileReference; lastKnownFileType = sourcecode.c.objc; path = ViewController.m; sourceTree = "<group>"; };
		3FDCDD9E1C327F7A002AE0AA /* Base */ = {isa = PBXFileReference; lastKnownFileType = file.storyboard; name = Base; path = Base.lproj/Main.storyboard; sourceTree = "<group>"; };
		3FDCDDA01C327F7A002AE0AA /* Assets.xcassets */ = {isa = PBXFileReference; lastKnownFileType = folder.assetcatalog; path = Assets.xcassets; sourceTree = "<group>"; };
		3FDCDDA31C327F7A002AE0AA /* Base */ = {isa = PBXFileReference; lastKnownFileType = file.storyboard; name = Base; path = Base.lproj/LaunchScreen.storyboard; sourceTree = "<group>"; };
		3FDCDDA51C327F7A002AE0AA /* Info.plist */ = {isa = PBXFileReference; lastKnownFileType = text.plist.xml; path = Info.plist; sourceTree = "<group>"; };
		3FDCDDAA1C327F7A002AE0AA /* QGGImagePickerTests.xctest */ = {isa = PBXFileReference; explicitFileType = wrapper.cfbundle; includeInIndex = 0; path = QGGImagePickerTests.xctest; sourceTree = BUILT_PRODUCTS_DIR; };
		3FDCDDAE1C327F7A002AE0AA /* QGGImagePickerTests.m */ = {isa = PBXFileReference; lastKnownFileType = sourcecode.c.objc; path = QGGImagePickerTests.m; sourceTree = "<group>"; };
		3FDCDDB01C327F7A002AE0AA /* Info.plist */ = {isa = PBXFileReference; lastKnownFileType = text.plist.xml; path = Info.plist; sourceTree = "<group>"; };
		3FDCDDB51C327F7A002AE0AA /* QGGImagePickerUITests.xctest */ = {isa = PBXFileReference; explicitFileType = wrapper.cfbundle; includeInIndex = 0; path = QGGImagePickerUITests.xctest; sourceTree = BUILT_PRODUCTS_DIR; };
		3FDCDDB91C327F7B002AE0AA /* QGGImagePickerUITests.m */ = {isa = PBXFileReference; lastKnownFileType = sourcecode.c.objc; path = QGGImagePickerUITests.m; sourceTree = "<group>"; };
		3FDCDDBB1C327F7B002AE0AA /* Info.plist */ = {isa = PBXFileReference; lastKnownFileType = text.plist.xml; path = Info.plist; sourceTree = "<group>"; };
		3FDCDDCA1C32823F002AE0AA /* ALAssetsGroup+GroupName_zh_CN.h */ = {isa = PBXFileReference; fileEncoding = 4; lastKnownFileType = sourcecode.c.h; path = "ALAssetsGroup+GroupName_zh_CN.h"; sourceTree = "<group>"; };
		3FDCDDCB1C32823F002AE0AA /* ALAssetsGroup+GroupName_zh_CN.m */ = {isa = PBXFileReference; fileEncoding = 4; lastKnownFileType = sourcecode.c.objc; path = "ALAssetsGroup+GroupName_zh_CN.m"; sourceTree = "<group>"; };
		3FDCDDCC1C32823F002AE0AA /* UIColor+hexFloatColor.h */ = {isa = PBXFileReference; fileEncoding = 4; lastKnownFileType = sourcecode.c.h; path = "UIColor+hexFloatColor.h"; sourceTree = "<group>"; };
		3FDCDDCD1C32823F002AE0AA /* UIColor+hexFloatColor.m */ = {isa = PBXFileReference; fileEncoding = 4; lastKnownFileType = sourcecode.c.objc; path = "UIColor+hexFloatColor.m"; sourceTree = "<group>"; };
		3FDCDDCE1C32823F002AE0AA /* UIImage+QGGRenderedColor.h */ = {isa = PBXFileReference; fileEncoding = 4; lastKnownFileType = sourcecode.c.h; path = "UIImage+QGGRenderedColor.h"; sourceTree = "<group>"; };
		3FDCDDCF1C32823F002AE0AA /* UIImage+QGGRenderedColor.m */ = {isa = PBXFileReference; fileEncoding = 4; lastKnownFileType = sourcecode.c.objc; path = "UIImage+QGGRenderedColor.m"; sourceTree = "<group>"; };
		3FDCDDD61C328323002AE0AA /* QGGImagePickerViewControllerDelegate.h */ = {isa = PBXFileReference; fileEncoding = 4; lastKnownFileType = sourcecode.c.h; path = QGGImagePickerViewControllerDelegate.h; sourceTree = "<group>"; };
		3FDCDDD71C32834A002AE0AA /* QGGImagePicker.h */ = {isa = PBXFileReference; fileEncoding = 4; lastKnownFileType = sourcecode.c.h; path = QGGImagePicker.h; sourceTree = "<group>"; };
		3FDCDDD81C32834A002AE0AA /* QGGImagePicker.m */ = {isa = PBXFileReference; fileEncoding = 4; lastKnownFileType = sourcecode.c.objc; path = QGGImagePicker.m; sourceTree = "<group>"; };
		3FDCDDDA1C328355002AE0AA /* QGGImageGroupTableView.h */ = {isa = PBXFileReference; fileEncoding = 4; lastKnownFileType = sourcecode.c.h; path = QGGImageGroupTableView.h; sourceTree = "<group>"; };
		3FDCDDDB1C328355002AE0AA /* QGGImageGroupTableView.m */ = {isa = PBXFileReference; fileEncoding = 4; lastKnownFileType = sourcecode.c.objc; path = QGGImageGroupTableView.m; sourceTree = "<group>"; };
		3FDCDDDC1C328355002AE0AA /* QGGImageGroupCell.h */ = {isa = PBXFileReference; fileEncoding = 4; lastKnownFileType = sourcecode.c.h; path = QGGImageGroupCell.h; sourceTree = "<group>"; };
		3FDCDDDD1C328355002AE0AA /* QGGImageGroupCell.m */ = {isa = PBXFileReference; fileEncoding = 4; lastKnownFileType = sourcecode.c.objc; path = QGGImageGroupCell.m; sourceTree = "<group>"; };
		3FDCDDE01C328360002AE0AA /* QGGImageGroupViewController.h */ = {isa = PBXFileReference; fileEncoding = 4; lastKnownFileType = sourcecode.c.h; path = QGGImageGroupViewController.h; sourceTree = "<group>"; };
		3FDCDDE11C328360002AE0AA /* QGGImageGroupViewController.m */ = {isa = PBXFileReference; fileEncoding = 4; lastKnownFileType = sourcecode.c.objc; path = QGGImageGroupViewController.m; sourceTree = "<group>"; };
		3FDCDDE21C328360002AE0AA /* QGGImagePickerViewController.h */ = {isa = PBXFileReference; fileEncoding = 4; lastKnownFileType = sourcecode.c.h; path = QGGImagePickerViewController.h; sourceTree = "<group>"; };
		3FDCDDE31C328360002AE0AA /* QGGImagePickerViewController.m */ = {isa = PBXFileReference; fileEncoding = 4; lastKnownFileType = sourcecode.c.objc; path = QGGImagePickerViewController.m; sourceTree = "<group>"; };
		3FDCDDE61C328368002AE0AA /* QGGImagePickerCollectionView.h */ = {isa = PBXFileReference; fileEncoding = 4; lastKnownFileType = sourcecode.c.h; path = QGGImagePickerCollectionView.h; sourceTree = "<group>"; };
		3FDCDDE71C328368002AE0AA /* QGGImagePickerCollectionView.m */ = {isa = PBXFileReference; fileEncoding = 4; lastKnownFileType = sourcecode.c.objc; path = QGGImagePickerCollectionView.m; sourceTree = "<group>"; };
		3FDCDDE81C328368002AE0AA /* QGGTapAnimationView.h */ = {isa = PBXFileReference; fileEncoding = 4; lastKnownFileType = sourcecode.c.h; path = QGGTapAnimationView.h; sourceTree = "<group>"; };
		3FDCDDE91C328368002AE0AA /* QGGTapAnimationView.m */ = {isa = PBXFileReference; fileEncoding = 4; lastKnownFileType = sourcecode.c.objc; path = QGGTapAnimationView.m; sourceTree = "<group>"; };
		3FDCDDEA1C328368002AE0AA /* QGGImagePickerCell.h */ = {isa = PBXFileReference; fileEncoding = 4; lastKnownFileType = sourcecode.c.h; path = QGGImagePickerCell.h; sourceTree = "<group>"; };
		3FDCDDEB1C328368002AE0AA /* QGGImagePickerCell.m */ = {isa = PBXFileReference; fileEncoding = 4; lastKnownFileType = sourcecode.c.objc; path = QGGImagePickerCell.m; sourceTree = "<group>"; };
		3FDCDDEF1C328370002AE0AA /* QGGImageDetailPickerViewController.h */ = {isa = PBXFileReference; fileEncoding = 4; lastKnownFileType = sourcecode.c.h; path = QGGImageDetailPickerViewController.h; sourceTree = "<group>"; };
		3FDCDDF01C328370002AE0AA /* QGGImageDetailPickerViewController.m */ = {isa = PBXFileReference; fileEncoding = 4; lastKnownFileType = sourcecode.c.objc; path = QGGImageDetailPickerViewController.m; sourceTree = "<group>"; };
		3FDCDDF21C328377002AE0AA /* QGGImagePickerDetailCell.h */ = {isa = PBXFileReference; fileEncoding = 4; lastKnownFileType = sourcecode.c.h; path = QGGImagePickerDetailCell.h; sourceTree = "<group>"; };
		3FDCDDF31C328377002AE0AA /* QGGImagePickerDetailCell.m */ = {isa = PBXFileReference; fileEncoding = 4; lastKnownFileType = sourcecode.c.objc; path = QGGImagePickerDetailCell.m; sourceTree = "<group>"; };
		C786B190B2806AB2CC743AA6 /* Pods.release.xcconfig */ = {isa = PBXFileReference; includeInIndex = 1; lastKnownFileType = text.xcconfig; name = Pods.release.xcconfig; path = "Pods/Target Support Files/Pods/Pods.release.xcconfig"; sourceTree = "<group>"; };
/* End PBXFileReference section */

/* Begin PBXFrameworksBuildPhase section */
		3FDCDD8E1C327F7A002AE0AA /* Frameworks */ = {
			isa = PBXFrameworksBuildPhase;
			buildActionMask = 2147483647;
			files = (
				9C09AF8FEF3E33A6DA5587D3 /* libPods.a in Frameworks */,
			);
			runOnlyForDeploymentPostprocessing = 0;
		};
		3FDCDDA71C327F7A002AE0AA /* Frameworks */ = {
			isa = PBXFrameworksBuildPhase;
			buildActionMask = 2147483647;
			files = (
			);
			runOnlyForDeploymentPostprocessing = 0;
		};
		3FDCDDB21C327F7A002AE0AA /* Frameworks */ = {
			isa = PBXFrameworksBuildPhase;
			buildActionMask = 2147483647;
			files = (
			);
			runOnlyForDeploymentPostprocessing = 0;
		};
/* End PBXFrameworksBuildPhase section */

/* Begin PBXGroup section */
		3FDCDD881C327F7A002AE0AA = {
			isa = PBXGroup;
			children = (
				3FDCDD931C327F7A002AE0AA /* QGGImagePicker */,
				3FDCDDAD1C327F7A002AE0AA /* QGGImagePickerTests */,
				3FDCDDB81C327F7B002AE0AA /* QGGImagePickerUITests */,
				3FDCDD921C327F7A002AE0AA /* Products */,
				E0EEC4483BBB0C1AC3290852 /* Pods */,
				CB543D1EA873D3635E7596B9 /* Frameworks */,
			);
			sourceTree = "<group>";
		};
		3FDCDD921C327F7A002AE0AA /* Products */ = {
			isa = PBXGroup;
			children = (
				3FDCDD911C327F7A002AE0AA /* QGGImagePicker.app */,
				3FDCDDAA1C327F7A002AE0AA /* QGGImagePickerTests.xctest */,
				3FDCDDB51C327F7A002AE0AA /* QGGImagePickerUITests.xctest */,
			);
			name = Products;
			sourceTree = "<group>";
		};
		3FDCDD931C327F7A002AE0AA /* QGGImagePicker */ = {
			isa = PBXGroup;
			children = (
				3FDCDDC81C3281FD002AE0AA /* QGGImagePicker */,
				3FDCDD971C327F7A002AE0AA /* AppDelegate.h */,
				3FDCDD981C327F7A002AE0AA /* AppDelegate.m */,
				3FDCDD9A1C327F7A002AE0AA /* ViewController.h */,
				3FDCDD9B1C327F7A002AE0AA /* ViewController.m */,
				3FDCDD9D1C327F7A002AE0AA /* Main.storyboard */,
				3FDCDDA01C327F7A002AE0AA /* Assets.xcassets */,
				3FDCDDA21C327F7A002AE0AA /* LaunchScreen.storyboard */,
				3FDCDDA51C327F7A002AE0AA /* Info.plist */,
				3FDCDD941C327F7A002AE0AA /* Supporting Files */,
			);
			path = QGGImagePicker;
			sourceTree = "<group>";
		};
		3FDCDD941C327F7A002AE0AA /* Supporting Files */ = {
			isa = PBXGroup;
			children = (
				3FDCDD951C327F7A002AE0AA /* main.m */,
			);
			name = "Supporting Files";
			sourceTree = "<group>";
		};
		3FDCDDAD1C327F7A002AE0AA /* QGGImagePickerTests */ = {
			isa = PBXGroup;
			children = (
				3FDCDDAE1C327F7A002AE0AA /* QGGImagePickerTests.m */,
				3FDCDDB01C327F7A002AE0AA /* Info.plist */,
			);
			path = QGGImagePickerTests;
			sourceTree = "<group>";
		};
		3FDCDDB81C327F7B002AE0AA /* QGGImagePickerUITests */ = {
			isa = PBXGroup;
			children = (
				3FDCDDB91C327F7B002AE0AA /* QGGImagePickerUITests.m */,
				3FDCDDBB1C327F7B002AE0AA /* Info.plist */,
			);
			path = QGGImagePickerUITests;
			sourceTree = "<group>";
		};
		3FDCDDC81C3281FD002AE0AA /* QGGImagePicker */ = {
			isa = PBXGroup;
			children = (
				3FDCDDD71C32834A002AE0AA /* QGGImagePicker.h */,
				3FDCDDD81C32834A002AE0AA /* QGGImagePicker.m */,
				3FDCDDD51C32828E002AE0AA /* Protocol */,
				3FDCDDD41C328283002AE0AA /* View */,
				3FDCDDD31C32825E002AE0AA /* ViewController */,
				3FDCDDC91C328218002AE0AA /* Category */,
			);
			path = QGGImagePicker;
			sourceTree = "<group>";
		};
		3FDCDDC91C328218002AE0AA /* Category */ = {
			isa = PBXGroup;
			children = (
				3FDCDDCA1C32823F002AE0AA /* ALAssetsGroup+GroupName_zh_CN.h */,
				3FDCDDCB1C32823F002AE0AA /* ALAssetsGroup+GroupName_zh_CN.m */,
				3FDCDDCC1C32823F002AE0AA /* UIColor+hexFloatColor.h */,
				3FDCDDCD1C32823F002AE0AA /* UIColor+hexFloatColor.m */,
				3FDCDDCE1C32823F002AE0AA /* UIImage+QGGRenderedColor.h */,
				3FDCDDCF1C32823F002AE0AA /* UIImage+QGGRenderedColor.m */,
			);
			path = Category;
			sourceTree = "<group>";
		};
		3FDCDDD31C32825E002AE0AA /* ViewController */ = {
			isa = PBXGroup;
			children = (
				3FDCDDE01C328360002AE0AA /* QGGImageGroupViewController.h */,
				3FDCDDE11C328360002AE0AA /* QGGImageGroupViewController.m */,
				3FDCDDE21C328360002AE0AA /* QGGImagePickerViewController.h */,
				3FDCDDE31C328360002AE0AA /* QGGImagePickerViewController.m */,
				3FDCDDEF1C328370002AE0AA /* QGGImageDetailPickerViewController.h */,
				3FDCDDF01C328370002AE0AA /* QGGImageDetailPickerViewController.m */,
			);
			path = ViewController;
			sourceTree = "<group>";
		};
		3FDCDDD41C328283002AE0AA /* View */ = {
			isa = PBXGroup;
			children = (
				3FDCDDDA1C328355002AE0AA /* QGGImageGroupTableView.h */,
				3FDCDDDB1C328355002AE0AA /* QGGImageGroupTableView.m */,
				3FDCDDDC1C328355002AE0AA /* QGGImageGroupCell.h */,
				3FDCDDDD1C328355002AE0AA /* QGGImageGroupCell.m */,
				3FDCDDE61C328368002AE0AA /* QGGImagePickerCollectionView.h */,
				3FDCDDE71C328368002AE0AA /* QGGImagePickerCollectionView.m */,
				3FDCDDE81C328368002AE0AA /* QGGTapAnimationView.h */,
				3FDCDDE91C328368002AE0AA /* QGGTapAnimationView.m */,
				3FDCDDEA1C328368002AE0AA /* QGGImagePickerCell.h */,
				3FDCDDEB1C328368002AE0AA /* QGGImagePickerCell.m */,
				3FDCDDF21C328377002AE0AA /* QGGImagePickerDetailCell.h */,
				3FDCDDF31C328377002AE0AA /* QGGImagePickerDetailCell.m */,
			);
			path = View;
			sourceTree = "<group>";
		};
		3FDCDDD51C32828E002AE0AA /* Protocol */ = {
			isa = PBXGroup;
			children = (
				3FDCDDD61C328323002AE0AA /* QGGImagePickerViewControllerDelegate.h */,
			);
			path = Protocol;
			sourceTree = "<group>";
		};
		CB543D1EA873D3635E7596B9 /* Frameworks */ = {
			isa = PBXGroup;
			children = (
				2026940271A6BB143EC4B776 /* libPods.a */,
			);
			name = Frameworks;
			sourceTree = "<group>";
		};
		E0EEC4483BBB0C1AC3290852 /* Pods */ = {
			isa = PBXGroup;
			children = (
				3E0A35C3057DCE4E09E77CF1 /* Pods.debug.xcconfig */,
				C786B190B2806AB2CC743AA6 /* Pods.release.xcconfig */,
			);
			name = Pods;
			sourceTree = "<group>";
		};
/* End PBXGroup section */

/* Begin PBXNativeTarget section */
		3FDCDD901C327F7A002AE0AA /* QGGImagePicker */ = {
			isa = PBXNativeTarget;
			buildConfigurationList = 3FDCDDBE1C327F7B002AE0AA /* Build configuration list for PBXNativeTarget "QGGImagePicker" */;
			buildPhases = (
				61826D6B32AC80EC70FF20E3 /* Check Pods Manifest.lock */,
				3FDCDD8D1C327F7A002AE0AA /* Sources */,
				3FDCDD8E1C327F7A002AE0AA /* Frameworks */,
				3FDCDD8F1C327F7A002AE0AA /* Resources */,
				ACEB123DEB6CDD569A8ACC8D /* Copy Pods Resources */,
			);
			buildRules = (
			);
			dependencies = (
			);
			name = QGGImagePicker;
			productName = QGGImagePicker;
			productReference = 3FDCDD911C327F7A002AE0AA /* QGGImagePicker.app */;
			productType = "com.apple.product-type.application";
		};
		3FDCDDA91C327F7A002AE0AA /* QGGImagePickerTests */ = {
			isa = PBXNativeTarget;
			buildConfigurationList = 3FDCDDC11C327F7B002AE0AA /* Build configuration list for PBXNativeTarget "QGGImagePickerTests" */;
			buildPhases = (
				3FDCDDA61C327F7A002AE0AA /* Sources */,
				3FDCDDA71C327F7A002AE0AA /* Frameworks */,
				3FDCDDA81C327F7A002AE0AA /* Resources */,
			);
			buildRules = (
			);
			dependencies = (
				3FDCDDAC1C327F7A002AE0AA /* PBXTargetDependency */,
			);
			name = QGGImagePickerTests;
			productName = QGGImagePickerTests;
			productReference = 3FDCDDAA1C327F7A002AE0AA /* QGGImagePickerTests.xctest */;
			productType = "com.apple.product-type.bundle.unit-test";
		};
		3FDCDDB41C327F7A002AE0AA /* QGGImagePickerUITests */ = {
			isa = PBXNativeTarget;
			buildConfigurationList = 3FDCDDC41C327F7B002AE0AA /* Build configuration list for PBXNativeTarget "QGGImagePickerUITests" */;
			buildPhases = (
				3FDCDDB11C327F7A002AE0AA /* Sources */,
				3FDCDDB21C327F7A002AE0AA /* Frameworks */,
				3FDCDDB31C327F7A002AE0AA /* Resources */,
			);
			buildRules = (
			);
			dependencies = (
				3FDCDDB71C327F7B002AE0AA /* PBXTargetDependency */,
			);
			name = QGGImagePickerUITests;
			productName = QGGImagePickerUITests;
			productReference = 3FDCDDB51C327F7A002AE0AA /* QGGImagePickerUITests.xctest */;
			productType = "com.apple.product-type.bundle.ui-testing";
		};
/* End PBXNativeTarget section */

/* Begin PBXProject section */
		3FDCDD891C327F7A002AE0AA /* Project object */ = {
			isa = PBXProject;
			attributes = {
				LastUpgradeCheck = 0720;
				ORGANIZATIONNAME = Qingg;
				TargetAttributes = {
					3FDCDD901C327F7A002AE0AA = {
						CreatedOnToolsVersion = 7.2;
					};
					3FDCDDA91C327F7A002AE0AA = {
						CreatedOnToolsVersion = 7.2;
						TestTargetID = 3FDCDD901C327F7A002AE0AA;
					};
					3FDCDDB41C327F7A002AE0AA = {
						CreatedOnToolsVersion = 7.2;
						TestTargetID = 3FDCDD901C327F7A002AE0AA;
					};
				};
			};
			buildConfigurationList = 3FDCDD8C1C327F7A002AE0AA /* Build configuration list for PBXProject "QGGImagePicker" */;
			compatibilityVersion = "Xcode 3.2";
			developmentRegion = English;
			hasScannedForEncodings = 0;
			knownRegions = (
				en,
				Base,
			);
			mainGroup = 3FDCDD881C327F7A002AE0AA;
			productRefGroup = 3FDCDD921C327F7A002AE0AA /* Products */;
			projectDirPath = "";
			projectRoot = "";
			targets = (
				3FDCDD901C327F7A002AE0AA /* QGGImagePicker */,
				3FDCDDA91C327F7A002AE0AA /* QGGImagePickerTests */,
				3FDCDDB41C327F7A002AE0AA /* QGGImagePickerUITests */,
			);
		};
/* End PBXProject section */

/* Begin PBXResourcesBuildPhase section */
		3FDCDD8F1C327F7A002AE0AA /* Resources */ = {
			isa = PBXResourcesBuildPhase;
			buildActionMask = 2147483647;
			files = (
				3FDCDDA41C327F7A002AE0AA /* LaunchScreen.storyboard in Resources */,
				3FDCDDA11C327F7A002AE0AA /* Assets.xcassets in Resources */,
				3FDCDD9F1C327F7A002AE0AA /* Main.storyboard in Resources */,
			);
			runOnlyForDeploymentPostprocessing = 0;
		};
		3FDCDDA81C327F7A002AE0AA /* Resources */ = {
			isa = PBXResourcesBuildPhase;
			buildActionMask = 2147483647;
			files = (
			);
			runOnlyForDeploymentPostprocessing = 0;
		};
		3FDCDDB31C327F7A002AE0AA /* Resources */ = {
			isa = PBXResourcesBuildPhase;
			buildActionMask = 2147483647;
			files = (
			);
			runOnlyForDeploymentPostprocessing = 0;
		};
/* End PBXResourcesBuildPhase section */

/* Begin PBXShellScriptBuildPhase section */
		61826D6B32AC80EC70FF20E3 /* Check Pods Manifest.lock */ = {
			isa = PBXShellScriptBuildPhase;
			buildActionMask = 2147483647;
			files = (
			);
			inputPaths = (
			);
			name = "Check Pods Manifest.lock";
			outputPaths = (
			);
			runOnlyForDeploymentPostprocessing = 0;
			shellPath = /bin/sh;
			shellScript = "diff \"${PODS_ROOT}/../Podfile.lock\" \"${PODS_ROOT}/Manifest.lock\" > /dev/null\nif [[ $? != 0 ]] ; then\n    cat << EOM\nerror: The sandbox is not in sync with the Podfile.lock. Run 'pod install' or update your CocoaPods installation.\nEOM\n    exit 1\nfi\n";
			showEnvVarsInLog = 0;
		};
		ACEB123DEB6CDD569A8ACC8D /* Copy Pods Resources */ = {
			isa = PBXShellScriptBuildPhase;
			buildActionMask = 2147483647;
			files = (
			);
			inputPaths = (
			);
			name = "Copy Pods Resources";
			outputPaths = (
			);
			runOnlyForDeploymentPostprocessing = 0;
			shellPath = /bin/sh;
			shellScript = "\"${SRCROOT}/Pods/Target Support Files/Pods/Pods-resources.sh\"\n";
			showEnvVarsInLog = 0;
		};
/* End PBXShellScriptBuildPhase section */

/* Begin PBXSourcesBuildPhase section */
		3FDCDD8D1C327F7A002AE0AA /* Sources */ = {
			isa = PBXSourcesBuildPhase;
			buildActionMask = 2147483647;
			files = (
				3FDCDDEC1C328368002AE0AA /* QGGImagePickerCollectionView.m in Sources */,
				3FDCDDDF1C328355002AE0AA /* QGGImageGroupCell.m in Sources */,
				3FDCDD9C1C327F7A002AE0AA /* ViewController.m in Sources */,
				3FDCDDD11C32823F002AE0AA /* UIColor+hexFloatColor.m in Sources */,
				3FDCDDD21C32823F002AE0AA /* UIImage+QGGRenderedColor.m in Sources */,
				3FDCDDD01C32823F002AE0AA /* ALAssetsGroup+GroupName_zh_CN.m in Sources */,
				3FDCDD991C327F7A002AE0AA /* AppDelegate.m in Sources */,
				3FDCDDE51C328360002AE0AA /* QGGImagePickerViewController.m in Sources */,
				3FDCDDF41C328377002AE0AA /* QGGImagePickerDetailCell.m in Sources */,
				3FDCDDE41C328360002AE0AA /* QGGImageGroupViewController.m in Sources */,
				3FDCDDEE1C328368002AE0AA /* QGGImagePickerCell.m in Sources */,
				3FDCDDF11C328370002AE0AA /* QGGImageDetailPickerViewController.m in Sources */,
				3FDCDDDE1C328355002AE0AA /* QGGImageGroupTableView.m in Sources */,
				3FDCDDED1C328368002AE0AA /* QGGTapAnimationView.m in Sources */,
				3FDCDDD91C32834A002AE0AA /* QGGImagePicker.m in Sources */,
				3FDCDD961C327F7A002AE0AA /* main.m in Sources */,
			);
			runOnlyForDeploymentPostprocessing = 0;
		};
		3FDCDDA61C327F7A002AE0AA /* Sources */ = {
			isa = PBXSourcesBuildPhase;
			buildActionMask = 2147483647;
			files = (
				3FDCDDAF1C327F7A002AE0AA /* QGGImagePickerTests.m in Sources */,
			);
			runOnlyForDeploymentPostprocessing = 0;
		};
		3FDCDDB11C327F7A002AE0AA /* Sources */ = {
			isa = PBXSourcesBuildPhase;
			buildActionMask = 2147483647;
			files = (
				3FDCDDBA1C327F7B002AE0AA /* QGGImagePickerUITests.m in Sources */,
			);
			runOnlyForDeploymentPostprocessing = 0;
		};
/* End PBXSourcesBuildPhase section */

/* Begin PBXTargetDependency section */
		3FDCDDAC1C327F7A002AE0AA /* PBXTargetDependency */ = {
			isa = PBXTargetDependency;
			target = 3FDCDD901C327F7A002AE0AA /* QGGImagePicker */;
			targetProxy = 3FDCDDAB1C327F7A002AE0AA /* PBXContainerItemProxy */;
		};
		3FDCDDB71C327F7B002AE0AA /* PBXTargetDependency */ = {
			isa = PBXTargetDependency;
			target = 3FDCDD901C327F7A002AE0AA /* QGGImagePicker */;
			targetProxy = 3FDCDDB61C327F7B002AE0AA /* PBXContainerItemProxy */;
		};
/* End PBXTargetDependency section */

/* Begin PBXVariantGroup section */
		3FDCDD9D1C327F7A002AE0AA /* Main.storyboard */ = {
			isa = PBXVariantGroup;
			children = (
				3FDCDD9E1C327F7A002AE0AA /* Base */,
			);
			name = Main.storyboard;
			sourceTree = "<group>";
		};
		3FDCDDA21C327F7A002AE0AA /* LaunchScreen.storyboard */ = {
			isa = PBXVariantGroup;
			children = (
				3FDCDDA31C327F7A002AE0AA /* Base */,
			);
			name = LaunchScreen.storyboard;
			sourceTree = "<group>";
		};
/* End PBXVariantGroup section */

/* Begin XCBuildConfiguration section */
		3FDCDDBC1C327F7B002AE0AA /* Debug */ = {
			isa = XCBuildConfiguration;
			buildSettings = {
				ALWAYS_SEARCH_USER_PATHS = NO;
				CLANG_CXX_LANGUAGE_STANDARD = "gnu++0x";
				CLANG_CXX_LIBRARY = "libc++";
				CLANG_ENABLE_MODULES = YES;
				CLANG_ENABLE_OBJC_ARC = YES;
				CLANG_WARN_BOOL_CONVERSION = YES;
				CLANG_WARN_CONSTANT_CONVERSION = YES;
				CLANG_WARN_DIRECT_OBJC_ISA_USAGE = YES_ERROR;
				CLANG_WARN_EMPTY_BODY = YES;
				CLANG_WARN_ENUM_CONVERSION = YES;
				CLANG_WARN_INT_CONVERSION = YES;
				CLANG_WARN_OBJC_ROOT_CLASS = YES_ERROR;
				CLANG_WARN_UNREACHABLE_CODE = YES;
				CLANG_WARN__DUPLICATE_METHOD_MATCH = YES;
				"CODE_SIGN_IDENTITY[sdk=iphoneos*]" = "iPhone Developer";
				COPY_PHASE_STRIP = NO;
				DEBUG_INFORMATION_FORMAT = dwarf;
				ENABLE_STRICT_OBJC_MSGSEND = YES;
				ENABLE_TESTABILITY = YES;
				GCC_C_LANGUAGE_STANDARD = gnu99;
				GCC_DYNAMIC_NO_PIC = NO;
				GCC_NO_COMMON_BLOCKS = YES;
				GCC_OPTIMIZATION_LEVEL = 0;
				GCC_PREPROCESSOR_DEFINITIONS = (
					"DEBUG=1",
					"$(inherited)",
				);
				GCC_WARN_64_TO_32_BIT_CONVERSION = YES;
				GCC_WARN_ABOUT_RETURN_TYPE = YES_ERROR;
				GCC_WARN_UNDECLARED_SELECTOR = YES;
				GCC_WARN_UNINITIALIZED_AUTOS = YES_AGGRESSIVE;
				GCC_WARN_UNUSED_FUNCTION = YES;
				GCC_WARN_UNUSED_VARIABLE = YES;
				IPHONEOS_DEPLOYMENT_TARGET = 7.0;
				MTL_ENABLE_DEBUG_INFO = YES;
				ONLY_ACTIVE_ARCH = YES;
				SDKROOT = iphoneos;
			};
			name = Debug;
		};
		3FDCDDBD1C327F7B002AE0AA /* Release */ = {
			isa = XCBuildConfiguration;
			buildSettings = {
				ALWAYS_SEARCH_USER_PATHS = NO;
				CLANG_CXX_LANGUAGE_STANDARD = "gnu++0x";
				CLANG_CXX_LIBRARY = "libc++";
				CLANG_ENABLE_MODULES = YES;
				CLANG_ENABLE_OBJC_ARC = YES;
				CLANG_WARN_BOOL_CONVERSION = YES;
				CLANG_WARN_CONSTANT_CONVERSION = YES;
				CLANG_WARN_DIRECT_OBJC_ISA_USAGE = YES_ERROR;
				CLANG_WARN_EMPTY_BODY = YES;
				CLANG_WARN_ENUM_CONVERSION = YES;
				CLANG_WARN_INT_CONVERSION = YES;
				CLANG_WARN_OBJC_ROOT_CLASS = YES_ERROR;
				CLANG_WARN_UNREACHABLE_CODE = YES;
				CLANG_WARN__DUPLICATE_METHOD_MATCH = YES;
				"CODE_SIGN_IDENTITY[sdk=iphoneos*]" = "iPhone Developer";
				COPY_PHASE_STRIP = NO;
				DEBUG_INFORMATION_FORMAT = "dwarf-with-dsym";
				ENABLE_NS_ASSERTIONS = NO;
				ENABLE_STRICT_OBJC_MSGSEND = YES;
				GCC_C_LANGUAGE_STANDARD = gnu99;
				GCC_NO_COMMON_BLOCKS = YES;
				GCC_WARN_64_TO_32_BIT_CONVERSION = YES;
				GCC_WARN_ABOUT_RETURN_TYPE = YES_ERROR;
				GCC_WARN_UNDECLARED_SELECTOR = YES;
				GCC_WARN_UNINITIALIZED_AUTOS = YES_AGGRESSIVE;
				GCC_WARN_UNUSED_FUNCTION = YES;
				GCC_WARN_UNUSED_VARIABLE = YES;
				IPHONEOS_DEPLOYMENT_TARGET = 7.0;
				MTL_ENABLE_DEBUG_INFO = NO;
				SDKROOT = iphoneos;
				VALIDATE_PRODUCT = YES;
			};
			name = Release;
		};
		3FDCDDBF1C327F7B002AE0AA /* Debug */ = {
			isa = XCBuildConfiguration;
			baseConfigurationReference = 3E0A35C3057DCE4E09E77CF1 /* Pods.debug.xcconfig */;
			buildSettings = {
				ASSETCATALOG_COMPILER_APPICON_NAME = AppIcon;
				INFOPLIST_FILE = QGGImagePicker/Info.plist;
				LD_RUNPATH_SEARCH_PATHS = "$(inherited) @executable_path/Frameworks";
				PRODUCT_BUNDLE_IDENTIFIER = Qgg.QGGImagePicker;
				PRODUCT_NAME = "$(TARGET_NAME)";
			};
			name = Debug;
		};
		3FDCDDC01C327F7B002AE0AA /* Release */ = {
			isa = XCBuildConfiguration;
			baseConfigurationReference = C786B190B2806AB2CC743AA6 /* Pods.release.xcconfig */;
			buildSettings = {
				ASSETCATALOG_COMPILER_APPICON_NAME = AppIcon;
				INFOPLIST_FILE = QGGImagePicker/Info.plist;
				LD_RUNPATH_SEARCH_PATHS = "$(inherited) @executable_path/Frameworks";
				PRODUCT_BUNDLE_IDENTIFIER = Qgg.QGGImagePicker;
				PRODUCT_NAME = "$(TARGET_NAME)";
			};
			name = Release;
		};
		3FDCDDC21C327F7B002AE0AA /* Debug */ = {
			isa = XCBuildConfiguration;
			buildSettings = {
				BUNDLE_LOADER = "$(TEST_HOST)";
				INFOPLIST_FILE = QGGImagePickerTests/Info.plist;
				LD_RUNPATH_SEARCH_PATHS = "$(inherited) @executable_path/Frameworks @loader_path/Frameworks";
				PRODUCT_BUNDLE_IDENTIFIER = Qgg.QGGImagePickerTests;
				PRODUCT_NAME = "$(TARGET_NAME)";
				TEST_HOST = "$(BUILT_PRODUCTS_DIR)/QGGImagePicker.app/QGGImagePicker";
			};
			name = Debug;
		};
		3FDCDDC31C327F7B002AE0AA /* Release */ = {
			isa = XCBuildConfiguration;
			buildSettings = {
				BUNDLE_LOADER = "$(TEST_HOST)";
				INFOPLIST_FILE = QGGImagePickerTests/Info.plist;
				LD_RUNPATH_SEARCH_PATHS = "$(inherited) @executable_path/Frameworks @loader_path/Frameworks";
				PRODUCT_BUNDLE_IDENTIFIER = Qgg.QGGImagePickerTests;
				PRODUCT_NAME = "$(TARGET_NAME)";
				TEST_HOST = "$(BUILT_PRODUCTS_DIR)/QGGImagePicker.app/QGGImagePicker";
			};
			name = Release;
		};
		3FDCDDC51C327F7B002AE0AA /* Debug */ = {
			isa = XCBuildConfiguration;
			buildSettings = {
				INFOPLIST_FILE = QGGImagePickerUITests/Info.plist;
				LD_RUNPATH_SEARCH_PATHS = "$(inherited) @executable_path/Frameworks @loader_path/Frameworks";
				PRODUCT_BUNDLE_IDENTIFIER = Qgg.QGGImagePickerUITests;
				PRODUCT_NAME = "$(TARGET_NAME)";
				TEST_TARGET_NAME = QGGImagePicker;
				USES_XCTRUNNER = YES;
			};
			name = Debug;
		};
		3FDCDDC61C327F7B002AE0AA /* Release */ = {
			isa = XCBuildConfiguration;
			buildSettings = {
				INFOPLIST_FILE = QGGImagePickerUITests/Info.plist;
				LD_RUNPATH_SEARCH_PATHS = "$(inherited) @executable_path/Frameworks @loader_path/Frameworks";
				PRODUCT_BUNDLE_IDENTIFIER = Qgg.QGGImagePickerUITests;
				PRODUCT_NAME = "$(TARGET_NAME)";
				TEST_TARGET_NAME = QGGImagePicker;
				USES_XCTRUNNER = YES;
			};
			name = Release;
		};
/* End XCBuildConfiguration section */

/* Begin XCConfigurationList section */
		3FDCDD8C1C327F7A002AE0AA /* Build configuration list for PBXProject "QGGImagePicker" */ = {
			isa = XCConfigurationList;
			buildConfigurations = (
				3FDCDDBC1C327F7B002AE0AA /* Debug */,
				3FDCDDBD1C327F7B002AE0AA /* Release */,
			);
			defaultConfigurationIsVisible = 0;
			defaultConfigurationName = Release;
		};
		3FDCDDBE1C327F7B002AE0AA /* Build configuration list for PBXNativeTarget "QGGImagePicker" */ = {
			isa = XCConfigurationList;
			buildConfigurations = (
				3FDCDDBF1C327F7B002AE0AA /* Debug */,
				3FDCDDC01C327F7B002AE0AA /* Release */,
			);
			defaultConfigurationIsVisible = 0;
			defaultConfigurationName = Release;
		};
		3FDCDDC11C327F7B002AE0AA /* Build configuration list for PBXNativeTarget "QGGImagePickerTests" */ = {
			isa = XCConfigurationList;
			buildConfigurations = (
				3FDCDDC21C327F7B002AE0AA /* Debug */,
				3FDCDDC31C327F7B002AE0AA /* Release */,
			);
			defaultConfigurationIsVisible = 0;
			defaultConfigurationName = Release;
		};
		3FDCDDC41C327F7B002AE0AA /* Build configuration list for PBXNativeTarget "QGGImagePickerUITests" */ = {
			isa = XCConfigurationList;
			buildConfigurations = (
				3FDCDDC51C327F7B002AE0AA /* Debug */,
				3FDCDDC61C327F7B002AE0AA /* Release */,
			);
			defaultConfigurationIsVisible = 0;
			defaultConfigurationName = Release;
		};
/* End XCConfigurationList section */
	};
	rootObject = 3FDCDD891C327F7A002AE0AA /* Project object */;
}
